
Microsoft Visual Studio Solution File, Format Version 12.00
Project("{FAE04EC0-301F-11D3-BF4B-00C04F79EFBC}") = "GeometryLibrary", "GeometryLibrary\GeometryLibrary.csproj", "{5618167B-75A5-44FD-890C-431785FBCC7F}"
EndProject
Project("{FAE04EC0-301F-11D3-BF4B-00C04F79EFBC}") = "GeometryLibrary.Tests", "GeometryLibrary.Tests\GeometryLibrary.Tests.csproj", "{D486E2D9-EB19-4040-9BF9-9F945F3220BE}"
EndProject
Global
	GlobalSection(SolutionConfigurationPlatforms) = preSolution
		Debug|Any CPU = Debug|Any CPU
		Release|Any CPU = Release|Any CPU
	EndGlobalSection
	GlobalSection(ProjectConfigurationPlatforms) = postSolution
		{5618167B-75A5-44FD-890C-431785FBCC7F}.Debug|Any CPU.ActiveCfg = Debug|Any CPU
		{5618167B-75A5-44FD-890C-431785FBCC7F}.Debug|Any CPU.Build.0 = Debug|Any CPU
		{5618167B-75A5-44FD-890C-431785FBCC7F}.Release|Any CPU.ActiveCfg = Release|Any CPU
		{5618167B-75A5-44FD-890C-431785FBCC7F}.Release|Any CPU.Build.0 = Release|Any CPU
		{D486E2D9-EB19-4040-9BF9-9F945F3220BE}.Debug|Any CPU.ActiveCfg = Debug|Any CPU
		{D486E2D9-EB19-4040-9BF9-9F945F3220BE}.Debug|Any CPU.Build.0 = Debug|Any CPU
		{D486E2D9-EB19-4040-9BF9-9F945F3220BE}.Release|Any CPU.ActiveCfg = Release|Any CPU
		{D486E2D9-EB19-4040-9BF9-9F945F3220BE}.Release|Any CPU.Build.0 = Release|Any CPU
	EndGlobalSection
EndGlobal
